
Microsoft Visual Studio Solution File, Format Version 12.00
# Visual Studio 15
VisualStudioVersion = 15.0.27703.2000
MinimumVisualStudioVersion = 10.0.40219.1
Project("{9A19103F-16F7-4668-BE54-9A1E7A4F7556}") = "libvideo", "libvideo\libvideo.csproj", "{9C71A8F8-39B6-4A53-8960-AEABF72A7771}"
EndProject
Project("{9A19103F-16F7-4668-BE54-9A1E7A4F7556}") = "libvideo.compat", "libvideo.compat\libvideo.compat.csproj", "{B50E1120-908F-40E0-9E90-5CF87FBCBB71}"
EndProject
Project("{FAE04EC0-301F-11D3-BF4B-00C04F79EFBC}") = "libvideo.debug", "libvideo.debug\libvideo.debug.csproj", "{8EE6CE4C-B1C1-4CA1-9CBF-7C07C6BF993E}"
EndProject
Global
	GlobalSection(SolutionConfigurationPlatforms) = preSolution
		Debug|Any CPU = Debug|Any CPU
		Release|Any CPU = Release|Any CPU
	EndGlobalSection
	GlobalSection(ProjectConfigurationPlatforms) = postSolution
		{9C71A8F8-39B6-4A53-8960-AEABF72A7771}.Debug|Any CPU.ActiveCfg = Debug|Any CPU
		{9C71A8F8-39B6-4A53-8960-AEABF72A7771}.Debug|Any CPU.Build.0 = Debug|Any CPU
		{9C71A8F8-39B6-4A53-8960-AEABF72A7771}.Release|Any CPU.ActiveCfg = Release|Any CPU
		{9C71A8F8-39B6-4A53-8960-AEABF72A7771}.Release|Any CPU.Build.0 = Release|Any CPU
		{B50E1120-908F-40E0-9E90-5CF87FBCBB71}.Debug|Any CPU.ActiveCfg = Debug|Any CPU
		{B50E1120-908F-40E0-9E90-5CF87FBCBB71}.Debug|Any CPU.Build.0 = Debug|Any CPU
		{B50E1120-908F-40E0-9E90-5CF87FBCBB71}.Release|Any CPU.ActiveCfg = Release|Any CPU
		{B50E1120-908F-40E0-9E90-5CF87FBCBB71}.Release|Any CPU.Build.0 = Release|Any CPU
		{8EE6CE4C-B1C1-4CA1-9CBF-7C07C6BF993E}.Debug|Any CPU.ActiveCfg = Debug|Any CPU
		{8EE6CE4C-B1C1-4CA1-9CBF-7C07C6BF993E}.Debug|Any CPU.Build.0 = Debug|Any CPU
		{8EE6CE4C-B1C1-4CA1-9CBF-7C07C6BF993E}.Release|Any CPU.ActiveCfg = Release|Any CPU
		{8EE6CE4C-B1C1-4CA1-9CBF-7C07C6BF993E}.Release|Any CPU.Build.0 = Release|Any CPU
	EndGlobalSection
	GlobalSection(SolutionProperties) = preSolution
		HideSolutionNode = FALSE
	EndGlobalSection
	GlobalSection(ExtensibilityGlobals) = postSolution
		SolutionGuid = {F1D2D10E-73CA-4A16-A045-6F6115731093}
	EndGlobalSection
EndGlobal
