
Microsoft Visual Studio Solution File, Format Version 12.00
# Visual Studio 14
VisualStudioVersion = 14.0.23107.0
MinimumVisualStudioVersion = 10.0.40219.1
Project("{FAE04EC0-301F-11D3-BF4B-00C04F79EFBC}") = "libvideo", "libvideo\libvideo.csproj", "{4DFEDF29-6CB3-4369-8ED9-104A34B8A045}"
EndProject
Project("{FAE04EC0-301F-11D3-BF4B-00C04F79EFBC}") = "libvideo.compat", "libvideo.compat\libvideo.compat.csproj", "{D9C4B036-84AF-4B84-9C5A-A4481E653F63}"
EndProject
Global
	GlobalSection(SolutionConfigurationPlatforms) = preSolution
		Debug|Any CPU = Debug|Any CPU
		Debug|ARM = Debug|ARM
		Debug|x64 = Debug|x64
		Debug|x86 = Debug|x86
		Release|Any CPU = Release|Any CPU
		Release|ARM = Release|ARM
		Release|x64 = Release|x64
		Release|x86 = Release|x86
	EndGlobalSection
	GlobalSection(ProjectConfigurationPlatforms) = postSolution
		{4DFEDF29-6CB3-4369-8ED9-104A34B8A045}.Debug|Any CPU.ActiveCfg = Debug|Any CPU
		{4DFEDF29-6CB3-4369-8ED9-104A34B8A045}.Debug|Any CPU.Build.0 = Debug|Any CPU
		{4DFEDF29-6CB3-4369-8ED9-104A34B8A045}.Debug|ARM.ActiveCfg = Debug|Any CPU
		{4DFEDF29-6CB3-4369-8ED9-104A34B8A045}.Debug|ARM.Build.0 = Debug|Any CPU
		{4DFEDF29-6CB3-4369-8ED9-104A34B8A045}.Debug|x64.ActiveCfg = Debug|Any CPU
		{4DFEDF29-6CB3-4369-8ED9-104A34B8A045}.Debug|x64.Build.0 = Debug|Any CPU
		{4DFEDF29-6CB3-4369-8ED9-104A34B8A045}.Debug|x86.ActiveCfg = Debug|Any CPU
		{4DFEDF29-6CB3-4369-8ED9-104A34B8A045}.Debug|x86.Build.0 = Debug|Any CPU
		{4DFEDF29-6CB3-4369-8ED9-104A34B8A045}.Release|Any CPU.ActiveCfg = Release|Any CPU
		{4DFEDF29-6CB3-4369-8ED9-104A34B8A045}.Release|Any CPU.Build.0 = Release|Any CPU
		{4DFEDF29-6CB3-4369-8ED9-104A34B8A045}.Release|ARM.ActiveCfg = Release|Any CPU
		{4DFEDF29-6CB3-4369-8ED9-104A34B8A045}.Release|ARM.Build.0 = Release|Any CPU
		{4DFEDF29-6CB3-4369-8ED9-104A34B8A045}.Release|x64.ActiveCfg = Release|Any CPU
		{4DFEDF29-6CB3-4369-8ED9-104A34B8A045}.Release|x64.Build.0 = Release|Any CPU
		{4DFEDF29-6CB3-4369-8ED9-104A34B8A045}.Release|x86.ActiveCfg = Release|Any CPU
		{4DFEDF29-6CB3-4369-8ED9-104A34B8A045}.Release|x86.Build.0 = Release|Any CPU
		{D9C4B036-84AF-4B84-9C5A-A4481E653F63}.Debug|Any CPU.ActiveCfg = Debug|Any CPU
		{D9C4B036-84AF-4B84-9C5A-A4481E653F63}.Debug|Any CPU.Build.0 = Debug|Any CPU
		{D9C4B036-84AF-4B84-9C5A-A4481E653F63}.Debug|ARM.ActiveCfg = Debug|Any CPU
		{D9C4B036-84AF-4B84-9C5A-A4481E653F63}.Debug|ARM.Build.0 = Debug|Any CPU
		{D9C4B036-84AF-4B84-9C5A-A4481E653F63}.Debug|x64.ActiveCfg = Debug|Any CPU
		{D9C4B036-84AF-4B84-9C5A-A4481E653F63}.Debug|x64.Build.0 = Debug|Any CPU
		{D9C4B036-84AF-4B84-9C5A-A4481E653F63}.Debug|x86.ActiveCfg = Debug|Any CPU
		{D9C4B036-84AF-4B84-9C5A-A4481E653F63}.Debug|x86.Build.0 = Debug|Any CPU
		{D9C4B036-84AF-4B84-9C5A-A4481E653F63}.Release|Any CPU.ActiveCfg = Release|Any CPU
		{D9C4B036-84AF-4B84-9C5A-A4481E653F63}.Release|Any CPU.Build.0 = Release|Any CPU
		{D9C4B036-84AF-4B84-9C5A-A4481E653F63}.Release|ARM.ActiveCfg = Release|Any CPU
		{D9C4B036-84AF-4B84-9C5A-A4481E653F63}.Release|ARM.Build.0 = Release|Any CPU
		{D9C4B036-84AF-4B84-9C5A-A4481E653F63}.Release|x64.ActiveCfg = Release|Any CPU
		{D9C4B036-84AF-4B84-9C5A-A4481E653F63}.Release|x64.Build.0 = Release|Any CPU
		{D9C4B036-84AF-4B84-9C5A-A4481E653F63}.Release|x86.ActiveCfg = Release|Any CPU
		{D9C4B036-84AF-4B84-9C5A-A4481E653F63}.Release|x86.Build.0 = Release|Any CPU
	EndGlobalSection
	GlobalSection(SolutionProperties) = preSolution
		HideSolutionNode = FALSE
	EndGlobalSection
EndGlobal
